
Microsoft Visual Studio Solution File, Format Version 12.00
# Visual Studio Version 17
VisualStudioVersion = 17.6.33801.468
MinimumVisualStudioVersion = 10.0.40219.1
Project("{2150E333-8FDC-42A3-9474-1A3956D46DE8}") = "01-Creational", "01-Creational", "{DDD8EF87-EBE7-41F3-8C83-F79BD7B348F8}"
EndProject
Project("{2150E333-8FDC-42A3-9474-1A3956D46DE8}") = "02-Structural", "02-Structural", "{46BEFE03-6F52-4948-BA22-A6BF0C54E7BC}"
EndProject
Project("{2150E333-8FDC-42A3-9474-1A3956D46DE8}") = "03-Behavioral", "03-Behavioral", "{3605053E-877A-4153-870F-90C09650962A}"
EndProject
Project("{2150E333-8FDC-42A3-9474-1A3956D46DE8}") = "04-EndPoint", "04-EndPoint", "{4DA566C0-81D1-4E08-9DF6-48A0118671DE}"
EndProject
Project("{2150E333-8FDC-42A3-9474-1A3956D46DE8}") = "FatcoryMethod", "FatcoryMethod", "{1788566B-CC7A-4442-89E5-30E57BFA9351}"
EndProject
Project("{9A19103F-16F7-4668-BE54-9A1E7A4F7556}") = "Creationals.FactoryMethod", "01-Creationals\FactoryMethod\Creationals.FactoryMethod\Creationals.FactoryMethod.csproj", "{2CBEC689-EF74-47F8-9098-664B702D938C}"
EndProject
Project("{2150E333-8FDC-42A3-9474-1A3956D46DE8}") = "AbstractFactory", "AbstractFactory", "{C66D9C02-FF37-46A2-AA07-C2D4C538CB3D}"
EndProject
Project("{9A19103F-16F7-4668-BE54-9A1E7A4F7556}") = "Creationals.AbstractFactory", "01-Creationals\AbstractFactory\Creationals.AbstractFactory\Creationals.AbstractFactory.csproj", "{A964644B-D2F9-49AE-BF4F-A31257E3B4B0}"
EndProject
Project("{2150E333-8FDC-42A3-9474-1A3956D46DE8}") = "Builder", "Builder", "{77F31D69-ACEA-4388-91AB-CB5C60D2D3BB}"
EndProject
Project("{9A19103F-16F7-4668-BE54-9A1E7A4F7556}") = "Creationals.Builder", "01-Creationals\Builder\Creationals.Builder\Creationals.Builder.csproj", "{EBDAFAB1-C085-4AFC-BDE9-9BA3561B9C6F}"
EndProject
Project("{2150E333-8FDC-42A3-9474-1A3956D46DE8}") = "Singleton", "Singleton", "{E6703F9D-8A79-4691-8675-57621A400FD2}"
EndProject
Project("{FAE04EC0-301F-11D3-BF4B-00C04F79EFBC}") = "Creationals.Singleton", "01-Creationals\Singleton\Creationals.Singleton\Creationals.Singleton.csproj", "{FBA89D63-F702-452E-9DDA-9BAEB55944CB}"
EndProject
Global
	GlobalSection(SolutionConfigurationPlatforms) = preSolution
		Debug|Any CPU = Debug|Any CPU
		Release|Any CPU = Release|Any CPU
	EndGlobalSection
	GlobalSection(ProjectConfigurationPlatforms) = postSolution
		{2CBEC689-EF74-47F8-9098-664B702D938C}.Debug|Any CPU.ActiveCfg = Debug|Any CPU
		{2CBEC689-EF74-47F8-9098-664B702D938C}.Debug|Any CPU.Build.0 = Debug|Any CPU
		{2CBEC689-EF74-47F8-9098-664B702D938C}.Release|Any CPU.ActiveCfg = Release|Any CPU
		{2CBEC689-EF74-47F8-9098-664B702D938C}.Release|Any CPU.Build.0 = Release|Any CPU
		{A964644B-D2F9-49AE-BF4F-A31257E3B4B0}.Debug|Any CPU.ActiveCfg = Debug|Any CPU
		{A964644B-D2F9-49AE-BF4F-A31257E3B4B0}.Debug|Any CPU.Build.0 = Debug|Any CPU
		{A964644B-D2F9-49AE-BF4F-A31257E3B4B0}.Release|Any CPU.ActiveCfg = Release|Any CPU
		{A964644B-D2F9-49AE-BF4F-A31257E3B4B0}.Release|Any CPU.Build.0 = Release|Any CPU
		{EBDAFAB1-C085-4AFC-BDE9-9BA3561B9C6F}.Debug|Any CPU.ActiveCfg = Debug|Any CPU
		{EBDAFAB1-C085-4AFC-BDE9-9BA3561B9C6F}.Debug|Any CPU.Build.0 = Debug|Any CPU
		{EBDAFAB1-C085-4AFC-BDE9-9BA3561B9C6F}.Release|Any CPU.ActiveCfg = Release|Any CPU
		{EBDAFAB1-C085-4AFC-BDE9-9BA3561B9C6F}.Release|Any CPU.Build.0 = Release|Any CPU
		{FBA89D63-F702-452E-9DDA-9BAEB55944CB}.Debug|Any CPU.ActiveCfg = Debug|Any CPU
		{FBA89D63-F702-452E-9DDA-9BAEB55944CB}.Debug|Any CPU.Build.0 = Debug|Any CPU
		{FBA89D63-F702-452E-9DDA-9BAEB55944CB}.Release|Any CPU.ActiveCfg = Release|Any CPU
		{FBA89D63-F702-452E-9DDA-9BAEB55944CB}.Release|Any CPU.Build.0 = Release|Any CPU
	EndGlobalSection
	GlobalSection(SolutionProperties) = preSolution
		HideSolutionNode = FALSE
	EndGlobalSection
	GlobalSection(NestedProjects) = preSolution
		{1788566B-CC7A-4442-89E5-30E57BFA9351} = {DDD8EF87-EBE7-41F3-8C83-F79BD7B348F8}
		{2CBEC689-EF74-47F8-9098-664B702D938C} = {1788566B-CC7A-4442-89E5-30E57BFA9351}
		{C66D9C02-FF37-46A2-AA07-C2D4C538CB3D} = {DDD8EF87-EBE7-41F3-8C83-F79BD7B348F8}
		{A964644B-D2F9-49AE-BF4F-A31257E3B4B0} = {C66D9C02-FF37-46A2-AA07-C2D4C538CB3D}
		{77F31D69-ACEA-4388-91AB-CB5C60D2D3BB} = {DDD8EF87-EBE7-41F3-8C83-F79BD7B348F8}
		{EBDAFAB1-C085-4AFC-BDE9-9BA3561B9C6F} = {77F31D69-ACEA-4388-91AB-CB5C60D2D3BB}
		{E6703F9D-8A79-4691-8675-57621A400FD2} = {DDD8EF87-EBE7-41F3-8C83-F79BD7B348F8}
		{FBA89D63-F702-452E-9DDA-9BAEB55944CB} = {E6703F9D-8A79-4691-8675-57621A400FD2}
	EndGlobalSection
	GlobalSection(ExtensibilityGlobals) = postSolution
		SolutionGuid = {335FBCEB-1C30-4722-848C-A968C08D7281}
	EndGlobalSection
EndGlobal
